// !$*UTF8*$!
{
	archiveVersion = 1;
	classes = {
	};
	objectVersion = 46;
	objects = {

/* Begin PBXBuildFile section */
		8F8F55AD1DE5D4E000B64B25 /* AppDelegate.swift in Sources */ = {isa = PBXBuildFile; fileRef = 8F8F55AC1DE5D4E000B64B25 /* AppDelegate.swift */; };
		8F8F55AF1DE5D4E000B64B25 /* HomeVC.swift in Sources */ = {isa = PBXBuildFile; fileRef = 8F8F55AE1DE5D4E000B64B25 /* HomeVC.swift */; };
		8F8F55B21DE5D4E000B64B25 /* Main.storyboard in Resources */ = {isa = PBXBuildFile; fileRef = 8F8F55B01DE5D4E000B64B25 /* Main.storyboard */; };
		8F8F55B41DE5D4E000B64B25 /* Assets.xcassets in Resources */ = {isa = PBXBuildFile; fileRef = 8F8F55B31DE5D4E000B64B25 /* Assets.xcassets */; };
		8F8F55B71DE5D4E000B64B25 /* LaunchScreen.storyboard in Resources */ = {isa = PBXBuildFile; fileRef = 8F8F55B51DE5D4E000B64B25 /* LaunchScreen.storyboard */; };
		8F8F55C21DE5DAA200B64B25 /* VideoVC.swift in Sources */ = {isa = PBXBuildFile; fileRef = 8F8F55C11DE5DAA200B64B25 /* VideoVC.swift */; };
		8FFDC4DD1DE60C7F008684AB /* VideoCell.swift in Sources */ = {isa = PBXBuildFile; fileRef = 8FFDC4DC1DE60C7F008684AB /* VideoCell.swift */; };
		8FFDC4DF1DE60E2A008684AB /* VideoCellData.swift in Sources */ = {isa = PBXBuildFile; fileRef = 8FFDC4DE1DE60E2A008684AB /* VideoCellData.swift */; };
/* End PBXBuildFile section */

/* Begin PBXFileReference section */
		8F8F55A91DE5D4E000B64B25 /* PartyRockApp.app */ = {isa = PBXFileReference; explicitFileType = wrapper.application; includeInIndex = 0; path = PartyRockApp.app; sourceTree = BUILT_PRODUCTS_DIR; };
		8F8F55AC1DE5D4E000B64B25 /* AppDelegate.swift */ = {isa = PBXFileReference; lastKnownFileType = sourcecode.swift; path = AppDelegate.swift; sourceTree = "<group>"; };
		8F8F55AE1DE5D4E000B64B25 /* HomeVC.swift */ = {isa = PBXFileReference; lastKnownFileType = sourcecode.swift; path = HomeVC.swift; sourceTree = "<group>"; };
		8F8F55B11DE5D4E000B64B25 /* Base */ = {isa = PBXFileReference; lastKnownFileType = file.storyboard; name = Base; path = Base.lproj/Main.storyboard; sourceTree = "<group>"; };
		8F8F55B31DE5D4E000B64B25 /* Assets.xcassets */ = {isa = PBXFileReference; lastKnownFileType = folder.assetcatalog; path = Assets.xcassets; sourceTree = "<group>"; };
		8F8F55B61DE5D4E000B64B25 /* Base */ = {isa = PBXFileReference; lastKnownFileType = file.storyboard; name = Base; path = Base.lproj/LaunchScreen.storyboard; sourceTree = "<group>"; };
		8F8F55B81DE5D4E000B64B25 /* Info.plist */ = {isa = PBXFileReference; lastKnownFileType = text.plist.xml; path = Info.plist; sourceTree = "<group>"; };
		8F8F55C11DE5DAA200B64B25 /* VideoVC.swift */ = {isa = PBXFileReference; fileEncoding = 4; lastKnownFileType = sourcecode.swift; path = VideoVC.swift; sourceTree = "<group>"; };
		8FFDC4DC1DE60C7F008684AB /* VideoCell.swift */ = {isa = PBXFileReference; fileEncoding = 4; lastKnownFileType = sourcecode.swift; path = VideoCell.swift; sourceTree = "<group>"; };
		8FFDC4DE1DE60E2A008684AB /* VideoCellData.swift */ = {isa = PBXFileReference; fileEncoding = 4; lastKnownFileType = sourcecode.swift; path = VideoCellData.swift; sourceTree = "<group>"; };
/* End PBXFileReference section */

/* Begin PBXFrameworksBuildPhase section */
		8F8F55A61DE5D4E000B64B25 /* Frameworks */ = {
			isa = PBXFrameworksBuildPhase;
			buildActionMask = 2147483647;
			files = (
			);
			runOnlyForDeploymentPostprocessing = 0;
		};
/* End PBXFrameworksBuildPhase section */

/* Begin PBXGroup section */
		8F8F55A01DE5D4DF00B64B25 = {
			isa = PBXGroup;
			children = (
				8F8F55AB1DE5D4E000B64B25 /* PartyRockApp */,
				8F8F55AA1DE5D4E000B64B25 /* Products */,
			);
			sourceTree = "<group>";
		};
		8F8F55AA1DE5D4E000B64B25 /* Products */ = {
			isa = PBXGroup;
			children = (
				8F8F55A91DE5D4E000B64B25 /* PartyRockApp.app */,
			);
			name = Products;
			sourceTree = "<group>";
		};
		8F8F55AB1DE5D4E000B64B25 /* PartyRockApp */ = {
			isa = PBXGroup;
			children = (
				8F8F55C01DE5D6EE00B64B25 /* Controller */,
				8F8F55BF1DE5D6E700B64B25 /* View */,
				8F8F55BE1DE5D6DE00B64B25 /* Model */,
				8F8F55AC1DE5D4E000B64B25 /* AppDelegate.swift */,
				8F8F55B31DE5D4E000B64B25 /* Assets.xcassets */,
				8F8F55B01DE5D4E000B64B25 /* Main.storyboard */,
				8F8F55B51DE5D4E000B64B25 /* LaunchScreen.storyboard */,
				8F8F55B81DE5D4E000B64B25 /* Info.plist */,
			);
			path = PartyRockApp;
			sourceTree = "<group>";
		};
		8F8F55BE1DE5D6DE00B64B25 /* Model */ = {
			isa = PBXGroup;
			children = (
				8FFDC4DE1DE60E2A008684AB /* VideoCellData.swift */,
			);
			name = Model;
			sourceTree = "<group>";
		};
		8F8F55BF1DE5D6E700B64B25 /* View */ = {
			isa = PBXGroup;
			children = (
				8FFDC4DC1DE60C7F008684AB /* VideoCell.swift */,
			);
			name = View;
			sourceTree = "<group>";
		};
		8F8F55C01DE5D6EE00B64B25 /* Controller */ = {
			isa = PBXGroup;
			children = (
				8F8F55AE1DE5D4E000B64B25 /* HomeVC.swift */,
				8F8F55C11DE5DAA200B64B25 /* VideoVC.swift */,
			);
			name = Controller;
			sourceTree = "<group>";
		};
/* End PBXGroup section */

/* Begin PBXNativeTarget section */
		8F8F55A81DE5D4E000B64B25 /* PartyRockApp */ = {
			isa = PBXNativeTarget;
			buildConfigurationList = 8F8F55BB1DE5D4E000B64B25 /* Build configuration list for PBXNativeTarget "PartyRockApp" */;
			buildPhases = (
				8F8F55A51DE5D4E000B64B25 /* Sources */,
				8F8F55A61DE5D4E000B64B25 /* Frameworks */,
				8F8F55A71DE5D4E000B64B25 /* Resources */,
			);
			buildRules = (
			);
			dependencies = (
			);
			name = PartyRockApp;
			productName = PartyRockApp;
			productReference = 8F8F55A91DE5D4E000B64B25 /* PartyRockApp.app */;
			productType = "com.apple.product-type.application";
		};
/* End PBXNativeTarget section */

/* Begin PBXProject section */
		8F8F55A11DE5D4DF00B64B25 /* Project object */ = {
			isa = PBXProject;
			attributes = {
				LastSwiftUpdateCheck = 0820;
				LastUpgradeCheck = 0820;
				ORGANIZATIONNAME = ylth;
				TargetAttributes = {
					8F8F55A81DE5D4E000B64B25 = {
						CreatedOnToolsVersion = 8.2;
						DevelopmentTeam = K39GEY9S2K;
						ProvisioningStyle = Automatic;
					};
				};
			};
			buildConfigurationList = 8F8F55A41DE5D4DF00B64B25 /* Build configuration list for PBXProject "PartyRockApp" */;
			compatibilityVersion = "Xcode 3.2";
			developmentRegion = English;
			hasScannedForEncodings = 0;
			knownRegions = (
				en,
				Base,
			);
			mainGroup = 8F8F55A01DE5D4DF00B64B25;
			productRefGroup = 8F8F55AA1DE5D4E000B64B25 /* Products */;
			projectDirPath = "";
			projectRoot = "";
			targets = (
				8F8F55A81DE5D4E000B64B25 /* PartyRockApp */,
			);
		};
/* End PBXProject section */

/* Begin PBXResourcesBuildPhase section */
		8F8F55A71DE5D4E000B64B25 /* Resources */ = {
			isa = PBXResourcesBuildPhase;
			buildActionMask = 2147483647;
			files = (
				8F8F55B71DE5D4E000B64B25 /* LaunchScreen.storyboard in Resources */,
				8F8F55B41DE5D4E000B64B25 /* Assets.xcassets in Resources */,
				8F8F55B21DE5D4E000B64B25 /* Main.storyboard in Resources */,
			);
			runOnlyForDeploymentPostprocessing = 0;
		};
/* End PBXResourcesBuildPhase section */

/* Begin PBXSourcesBuildPhase section */
		8F8F55A51DE5D4E000B64B25 /* Sources */ = {
			isa = PBXSourcesBuildPhase;
			buildActionMask = 2147483647;
			files = (
				8F8F55C21DE5DAA200B64B25 /* VideoVC.swift in Sources */,
				8F8F55AF1DE5D4E000B64B25 /* HomeVC.swift in Sources */,
				8FFDC4DD1DE60C7F008684AB /* VideoCell.swift in Sources */,
				8FFDC4DF1DE60E2A008684AB /* VideoCellData.swift in Sources */,
				8F8F55AD1DE5D4E000B64B25 /* AppDelegate.swift in Sources */,
			);
			runOnlyForDeploymentPostprocessing = 0;
		};
/* End PBXSourcesBuildPhase section */

/* Begin PBXVariantGroup section */
		8F8F55B01DE5D4E000B64B25 /* Main.storyboard */ = {
			isa = PBXVariantGroup;
			children = (
				8F8F55B11DE5D4E000B64B25 /* Base */,
			);
			name = Main.storyboard;
			sourceTree = "<group>";
		};
		8F8F55B51DE5D4E000B64B25 /* LaunchScreen.storyboard */ = {
			isa = PBXVariantGroup;
			children = (
				8F8F55B61DE5D4E000B64B25 /* Base */,
			);
			name = LaunchScreen.storyboard;
			sourceTree = "<group>";
		};
/* End PBXVariantGroup section */

/* Begin XCBuildConfiguration section */
		8F8F55B91DE5D4E000B64B25 /* Debug */ = {
			isa = XCBuildConfiguration;
			buildSettings = {
				ALWAYS_SEARCH_USER_PATHS = NO;
				CLANG_ANALYZER_NONNULL = YES;
				CLANG_CXX_LANGUAGE_STANDARD = "gnu++0x";
				CLANG_CXX_LIBRARY = "libc++";
				CLANG_ENABLE_MODULES = YES;
				CLANG_ENABLE_OBJC_ARC = YES;
				CLANG_WARN_BOOL_CONVERSION = YES;
				CLANG_WARN_CONSTANT_CONVERSION = YES;
				CLANG_WARN_DIRECT_OBJC_ISA_USAGE = YES_ERROR;
				CLANG_WARN_DOCUMENTATION_COMMENTS = YES;
				CLANG_WARN_EMPTY_BODY = YES;
				CLANG_WARN_ENUM_CONVERSION = YES;
				CLANG_WARN_INFINITE_RECURSION = YES;
				CLANG_WARN_INT_CONVERSION = YES;
				CLANG_WARN_OBJC_ROOT_CLASS = YES_ERROR;
				CLANG_WARN_SUSPICIOUS_MOVE = YES;
				CLANG_WARN_UNREACHABLE_CODE = YES;
				CLANG_WARN__DUPLICATE_METHOD_MATCH = YES;
				"CODE_SIGN_IDENTITY[sdk=iphoneos*]" = "iPhone Developer";
				COPY_PHASE_STRIP = NO;
				DEBUG_INFORMATION_FORMAT = dwarf;
				ENABLE_STRICT_OBJC_MSGSEND = YES;
				ENABLE_TESTABILITY = YES;
				GCC_C_LANGUAGE_STANDARD = gnu99;
				GCC_DYNAMIC_NO_PIC = NO;
				GCC_NO_COMMON_BLOCKS = YES;
				GCC_OPTIMIZATION_LEVEL = 0;
				GCC_PREPROCESSOR_DEFINITIONS = (
					"DEBUG=1",
					"$(inherited)",
				);
				GCC_WARN_64_TO_32_BIT_CONVERSION = YES;
				GCC_WARN_ABOUT_RETURN_TYPE = YES_ERROR;
				GCC_WARN_UNDECLARED_SELECTOR = YES;
				GCC_WARN_UNINITIALIZED_AUTOS = YES_AGGRESSIVE;
				GCC_WARN_UNUSED_FUNCTION = YES;
				GCC_WARN_UNUSED_VARIABLE = YES;
				IPHONEOS_DEPLOYMENT_TARGET = 10.2;
				MTL_ENABLE_DEBUG_INFO = YES;
				ONLY_ACTIVE_ARCH = YES;
				SDKROOT = iphoneos;
				SWIFT_ACTIVE_COMPILATION_CONDITIONS = DEBUG;
				SWIFT_OPTIMIZATION_LEVEL = "-Onone";
				TARGETED_DEVICE_FAMILY = "1,2";
			};
			name = Debug;
		};
		8F8F55BA1DE5D4E000B64B25 /* Release */ = {
			isa = XCBuildConfiguration;
			buildSettings = {
				ALWAYS_SEARCH_USER_PATHS = NO;
				CLANG_ANALYZER_NONNULL = YES;
				CLANG_CXX_LANGUAGE_STANDARD = "gnu++0x";
				CLANG_CXX_LIBRARY = "libc++";
				CLANG_ENABLE_MODULES = YES;
				CLANG_ENABLE_OBJC_ARC = YES;
				CLANG_WARN_BOOL_CONVERSION = YES;
				CLANG_WARN_CONSTANT_CONVERSION = YES;
				CLANG_WARN_DIRECT_OBJC_ISA_USAGE = YES_ERROR;
				CLANG_WARN_DOCUMENTATION_COMMENTS = YES;
				CLANG_WARN_EMPTY_BODY = YES;
				CLANG_WARN_ENUM_CONVERSION = YES;
				CLANG_WARN_INFINITE_RECURSION = YES;
				CLANG_WARN_INT_CONVERSION = YES;
				CLANG_WARN_OBJC_ROOT_CLASS = YES_ERROR;
				CLANG_WARN_SUSPICIOUS_MOVE = YES;
				CLANG_WARN_UNREACHABLE_CODE = YES;
				CLANG_WARN__DUPLICATE_METHOD_MATCH = YES;
				"CODE_SIGN_IDENTITY[sdk=iphoneos*]" = "iPhone Developer";
				COPY_PHASE_STRIP = NO;
				DEBUG_INFORMATION_FORMAT = "dwarf-with-dsym";
				ENABLE_NS_ASSERTIONS = NO;
				ENABLE_STRICT_OBJC_MSGSEND = YES;
				GCC_C_LANGUAGE_STANDARD = gnu99;
				GCC_NO_COMMON_BLOCKS = YES;
				GCC_WARN_64_TO_32_BIT_CONVERSION = YES;
				GCC_WARN_ABOUT_RETURN_TYPE = YES_ERROR;
				GCC_WARN_UNDECLARED_SELECTOR = YES;
				GCC_WARN_UNINITIALIZED_AUTOS = YES_AGGRESSIVE;
				GCC_WARN_UNUSED_FUNCTION = YES;
				GCC_WARN_UNUSED_VARIABLE = YES;
				IPHONEOS_DEPLOYMENT_TARGET = 10.2;
				MTL_ENABLE_DEBUG_INFO = NO;
				SDKROOT = iphoneos;
				SWIFT_OPTIMIZATION_LEVEL = "-Owholemodule";
				TARGETED_DEVICE_FAMILY = "1,2";
				VALIDATE_PRODUCT = YES;
			};
			name = Release;
		};
		8F8F55BC1DE5D4E000B64B25 /* Debug */ = {
			isa = XCBuildConfiguration;
			buildSettings = {
				ASSETCATALOG_COMPILER_APPICON_NAME = AppIcon;
				DEVELOPMENT_TEAM = K39GEY9S2K;
				INFOPLIST_FILE = PartyRockApp/Info.plist;
				LD_RUNPATH_SEARCH_PATHS = "$(inherited) @executable_path/Frameworks";
				PRODUCT_BUNDLE_IDENTIFIER = com.ylth.PartyRockApp;
				PRODUCT_NAME = "$(TARGET_NAME)";
				SWIFT_VERSION = 3.0;
			};
			name = Debug;
		};
		8F8F55BD1DE5D4E000B64B25 /* Release */ = {
			isa = XCBuildConfiguration;
			buildSettings = {
				ASSETCATALOG_COMPILER_APPICON_NAME = AppIcon;
				DEVELOPMENT_TEAM = K39GEY9S2K;
				INFOPLIST_FILE = PartyRockApp/Info.plist;
				LD_RUNPATH_SEARCH_PATHS = "$(inherited) @executable_path/Frameworks";
				PRODUCT_BUNDLE_IDENTIFIER = com.ylth.PartyRockApp;
				PRODUCT_NAME = "$(TARGET_NAME)";
				SWIFT_VERSION = 3.0;
			};
			name = Release;
		};
/* End XCBuildConfiguration section */

/* Begin XCConfigurationList section */
		8F8F55A41DE5D4DF00B64B25 /* Build configuration list for PBXProject "PartyRockApp" */ = {
			isa = XCConfigurationList;
			buildConfigurations = (
				8F8F55B91DE5D4E000B64B25 /* Debug */,
				8F8F55BA1DE5D4E000B64B25 /* Release */,
			);
			defaultConfigurationIsVisible = 0;
			defaultConfigurationName = Release;
		};
		8F8F55BB1DE5D4E000B64B25 /* Build configuration list for PBXNativeTarget "PartyRockApp" */ = {
			isa = XCConfigurationList;
			buildConfigurations = (
				8F8F55BC1DE5D4E000B64B25 /* Debug */,
				8F8F55BD1DE5D4E000B64B25 /* Release */,
			);
			defaultConfigurationIsVisible = 0;
			defaultConfigurationName = Release;
		};
/* End XCConfigurationList section */
	};
	rootObject = 8F8F55A11DE5D4DF00B64B25 /* Project object */;
}
